
Microsoft Visual Studio Solution File, Format Version 12.00
# Visual Studio Version 16
VisualStudioVersion = 16.0.30413.136
MinimumVisualStudioVersion = 10.0.40219.1
Project("{9A19103F-16F7-4668-BE54-9A1E7A4F7556}") = "HamstersRocket.Contracts", "HamstersRocket.Contracts\HamstersRocket.Contracts.csproj", "{B07AE433-2ADB-4E3B-9032-014C732C3C2F}"
EndProject
Project("{9A19103F-16F7-4668-BE54-9A1E7A4F7556}") = "HamstersRocket.ConsoleApp", "HamstersRocket.Console\HamstersRocket.ConsoleApp.csproj", "{E772AAC5-B220-4C27-AC04-A043E751751B}"
EndProject
Project("{9A19103F-16F7-4668-BE54-9A1E7A4F7556}") = "HamstersRocket.Core", "HamstersRocket.Core\HamstersRocket.Core.csproj", "{B8E50261-9D7B-4E4F-B380-02245EC8E908}"
EndProject
Global
	GlobalSection(SolutionConfigurationPlatforms) = preSolution
		Debug|Any CPU = Debug|Any CPU
		Release|Any CPU = Release|Any CPU
	EndGlobalSection
	GlobalSection(ProjectConfigurationPlatforms) = postSolution
		{B07AE433-2ADB-4E3B-9032-014C732C3C2F}.Debug|Any CPU.ActiveCfg = Debug|Any CPU
		{B07AE433-2ADB-4E3B-9032-014C732C3C2F}.Debug|Any CPU.Build.0 = Debug|Any CPU
		{B07AE433-2ADB-4E3B-9032-014C732C3C2F}.Release|Any CPU.ActiveCfg = Release|Any CPU
		{B07AE433-2ADB-4E3B-9032-014C732C3C2F}.Release|Any CPU.Build.0 = Release|Any CPU
		{E772AAC5-B220-4C27-AC04-A043E751751B}.Debug|Any CPU.ActiveCfg = Debug|Any CPU
		{E772AAC5-B220-4C27-AC04-A043E751751B}.Debug|Any CPU.Build.0 = Debug|Any CPU
		{E772AAC5-B220-4C27-AC04-A043E751751B}.Release|Any CPU.ActiveCfg = Release|Any CPU
		{E772AAC5-B220-4C27-AC04-A043E751751B}.Release|Any CPU.Build.0 = Release|Any CPU
		{B8E50261-9D7B-4E4F-B380-02245EC8E908}.Debug|Any CPU.ActiveCfg = Debug|Any CPU
		{B8E50261-9D7B-4E4F-B380-02245EC8E908}.Debug|Any CPU.Build.0 = Debug|Any CPU
		{B8E50261-9D7B-4E4F-B380-02245EC8E908}.Release|Any CPU.ActiveCfg = Release|Any CPU
		{B8E50261-9D7B-4E4F-B380-02245EC8E908}.Release|Any CPU.Build.0 = Release|Any CPU
	EndGlobalSection
	GlobalSection(SolutionProperties) = preSolution
		HideSolutionNode = FALSE
	EndGlobalSection
	GlobalSection(ExtensibilityGlobals) = postSolution
		SolutionGuid = {73336FBB-6CC2-4D6B-A5F1-79741702890C}
	EndGlobalSection
EndGlobal
